# This file is automatically @generated by Cargo.
# It is not intended for manual editing.
version = 4

[[package]]
name = "aw-accessibility"
version = "0.1.0"

[[package]]
name = "aw-acpi"
version = "0.1.0"

[[package]]
name = "aw-app-compat"
version = "0.1.0"
dependencies = [
 "aw-guest-vm",
 "aw-runtime-sources",
]

[[package]]
name = "aw-bootstate"
version = "0.1.0"
dependencies = [
 "aw-generation",
 "aw-recovery-contract",
 "aw-recovery-io",
]

[[package]]
name = "aw-braille"
version = "0.1.0"

[[package]]
name = "aw-fs-core"
version = "0.1.0"

[[package]]
name = "aw-generation"
version = "0.1.0"
dependencies = [
 "aw-recovery-contract",
]

[[package]]
name = "aw-guest-vm"
version = "0.1.0"
dependencies = [
 "aw-runtime-sources",
]

[[package]]
name = "aw-install"
version = "0.1.0"
dependencies = [
 "aw-bootstate",
]

[[package]]
name = "aw-kernel-contract"
version = "0.1.0"

[[package]]
name = "aw-kernel-core"
version = "0.1.0"

[[package]]
name = "aw-macho"
version = "0.1.0"

[[package]]
name = "aw-macho-bind"
version = "0.1.0"
dependencies = [
 "aw-macho",
 "aw-macho-fixups",
]

[[package]]
name = "aw-macho-dyld"
version = "0.1.0"
dependencies = [
 "aw-macho",
]

[[package]]
name = "aw-macho-fixups"
version = "0.1.0"
dependencies = [
 "aw-macho",
]

[[package]]
name = "aw-macho-loader"
version = "0.1.0"
dependencies = [
 "aw-macho",
]

[[package]]
name = "aw-measured"
version = "0.1.0"
dependencies = [
 "aw-sha256",
]

[[package]]
name = "aw-memory"
version = "0.1.0"
dependencies = [
 "aw-kernel-core",
]

[[package]]
name = "aw-pci"
version = "0.1.0"

[[package]]
name = "aw-recovery-contract"
version = "0.1.0"

[[package]]
name = "aw-recovery-io"
version = "0.1.0"
dependencies = [
 "aw-recovery-contract",
]

[[package]]
name = "aw-runtime-sources"
version = "0.1.0"

[[package]]
name = "aw-screen-reader"
version = "0.1.0"
dependencies = [
 "aw-accessibility",
]

[[package]]
name = "aw-sha256"
version = "0.1.0"

[[package]]
name = "aw-storefs"
version = "0.1.0"
dependencies = [
 "aw-fs-core",
]

[[package]]
name = "aw-usb-hid"
version = "0.1.0"

[[package]]
name = "aw-vmm-plan"
version = "0.1.0"
dependencies = [
 "aw-kernel-core",
 "aw-memory",
]

[[package]]
name = "aw-x86-interrupts"
version = "0.1.0"

[[package]]
name = "aw-x86-paging"
version = "0.1.0"
dependencies = [
 "aw-kernel-core",
 "aw-memory",
]

[[package]]
name = "aw-x86-platform"
version = "0.1.0"

[[package]]
name = "aw-x86-vmm-plan"
version = "0.1.0"
dependencies = [
 "aw-kernel-core",
 "aw-vmm-plan",
 "aw-x86-paging",
]
